
Microsoft Visual Studio Solution File, Format Version 12.00
# Visual Studio 2012
Project("{FAE04EC0-301F-11D3-BF4B-00C04F79EFBC}") = "ArcGISRESTAdmin", "ArcGISRESTAdmin\ArcGISRESTAdmin.csproj", "{A8E21313-9862-4711-83F4-4F701FEF9FF7}"
EndProject
Project("{FAE04EC0-301F-11D3-BF4B-00C04F79EFBC}") = "ArcGISRESTWatchdogUI", "ArcGISRESTAdminUI\ArcGISRESTWatchdogUI.csproj", "{7A25DB48-0AA6-4A2C-8F16-9A5C75B0594C}"
EndProject
Project("{FAE04EC0-301F-11D3-BF4B-00C04F79EFBC}") = "ArcGISRestCLI", "ArcGISRestCLI\ArcGISRestCLI.csproj", "{9C17E2C2-5B04-4440-8C48-2B3B49026832}"
EndProject
Global
	GlobalSection(SolutionConfigurationPlatforms) = preSolution
		Debug|Any CPU = Debug|Any CPU
		Release|Any CPU = Release|Any CPU
	EndGlobalSection
	GlobalSection(ProjectConfigurationPlatforms) = postSolution
		{A8E21313-9862-4711-83F4-4F701FEF9FF7}.Debug|Any CPU.ActiveCfg = Debug|Any CPU
		{A8E21313-9862-4711-83F4-4F701FEF9FF7}.Debug|Any CPU.Build.0 = Debug|Any CPU
		{A8E21313-9862-4711-83F4-4F701FEF9FF7}.Release|Any CPU.ActiveCfg = Release|Any CPU
		{A8E21313-9862-4711-83F4-4F701FEF9FF7}.Release|Any CPU.Build.0 = Release|Any CPU
		{7A25DB48-0AA6-4A2C-8F16-9A5C75B0594C}.Debug|Any CPU.ActiveCfg = Debug|Any CPU
		{7A25DB48-0AA6-4A2C-8F16-9A5C75B0594C}.Debug|Any CPU.Build.0 = Debug|Any CPU
		{7A25DB48-0AA6-4A2C-8F16-9A5C75B0594C}.Release|Any CPU.ActiveCfg = Release|Any CPU
		{7A25DB48-0AA6-4A2C-8F16-9A5C75B0594C}.Release|Any CPU.Build.0 = Release|Any CPU
		{9C17E2C2-5B04-4440-8C48-2B3B49026832}.Debug|Any CPU.ActiveCfg = Debug|Any CPU
		{9C17E2C2-5B04-4440-8C48-2B3B49026832}.Debug|Any CPU.Build.0 = Debug|Any CPU
		{9C17E2C2-5B04-4440-8C48-2B3B49026832}.Release|Any CPU.ActiveCfg = Release|Any CPU
		{9C17E2C2-5B04-4440-8C48-2B3B49026832}.Release|Any CPU.Build.0 = Release|Any CPU
	EndGlobalSection
	GlobalSection(SolutionProperties) = preSolution
		HideSolutionNode = FALSE
	EndGlobalSection
EndGlobal
